
Microsoft Visual Studio Solution File, Format Version 12.00
# Visual Studio Version 16
VisualStudioVersion = 16.0.29215.179
MinimumVisualStudioVersion = 10.0.40219.1
Project("{FAE04EC0-301F-11D3-BF4B-00C04F79EFBC}") = "DataStruct", "DataStruct\DataStruct.csproj", "{9C9E4786-AF43-4441-9858-BEACA4C4A018}"
EndProject
Project("{2150E333-8FDC-42A3-9474-1A3956D46DE8}") = "DataStruct", "DataStruct", "{00F9C228-A5C9-4620-A7E1-658584428585}"
EndProject
Project("{2150E333-8FDC-42A3-9474-1A3956D46DE8}") = "GenericModel", "GenericModel", "{79B21267-41BC-4590-9937-6A9153B90D21}"
EndProject
Project("{FAE04EC0-301F-11D3-BF4B-00C04F79EFBC}") = "GenericModel", "GenericModel\GenericModel\GenericModel.csproj", "{EF3A0424-46CB-4B8A-A604-00ED26E5A41F}"
EndProject
Project("{2150E333-8FDC-42A3-9474-1A3956D46DE8}") = "ManyThread", "ManyThread", "{0D826907-EDA7-4733-BB22-886D28EDE76A}"
EndProject
Project("{FAE04EC0-301F-11D3-BF4B-00C04F79EFBC}") = "ManyThread", "ManyThread\ManyThread.csproj", "{7AA7D110-FADE-4AA9-9ACA-96FEE002EF66}"
EndProject
Project("{2150E333-8FDC-42A3-9474-1A3956D46DE8}") = "Reflection", "Reflection", "{169B1143-FBD9-4FF5-89A5-34BA18C6A077}"
EndProject
Project("{FAE04EC0-301F-11D3-BF4B-00C04F79EFBC}") = "Reflection", "Reflection\Reflection.csproj", "{2863E168-65F5-46F4-8679-A348AC7CB95F}"
EndProject
Project("{FAE04EC0-301F-11D3-BF4B-00C04F79EFBC}") = "MyDelegate", "MyDelegate\MyDelegate.csproj", "{A9E347EF-F4FB-4DA7-A832-5AF5E771F9F9}"
EndProject
Project("{2150E333-8FDC-42A3-9474-1A3956D46DE8}") = "Delegate", "Delegate", "{456ABBC3-76C1-4FF0-885C-F788324C76BC}"
EndProject
Project("{FAE04EC0-301F-11D3-BF4B-00C04F79EFBC}") = "DelegateExample", "DelegateExample\DelegateExample.csproj", "{AB33D751-5AA5-4500-9BFA-A90F27AD05E0}"
EndProject
Project("{2150E333-8FDC-42A3-9474-1A3956D46DE8}") = "Quartz", "Quartz", "{CFBE6F90-7802-42DC-A5FD-B7BB54B6CA20}"
EndProject
Project("{FAE04EC0-301F-11D3-BF4B-00C04F79EFBC}") = "QuartzClient", "Quartz\QuartzClient\QuartzClient.csproj", "{2EA1BCC9-9FFE-4B7C-9F51-2ACAC56100B4}"
EndProject
Project("{FAE04EC0-301F-11D3-BF4B-00C04F79EFBC}") = "JobClient", "Quartz\JobClient\JobClient.csproj", "{15176085-6C80-40A2-A419-E7E9A4CEE24B}"
EndProject
Project("{FAE04EC0-301F-11D3-BF4B-00C04F79EFBC}") = "JobTaskCls", "JobTaskCls\JobTaskCls.csproj", "{16EAF430-32D7-4534-A146-E15EC8C0483A}"
EndProject
Project("{2150E333-8FDC-42A3-9474-1A3956D46DE8}") = "DotNetCore", "DotNetCore", "{B7808442-A960-4E83-A978-16A218458D44}"
EndProject
Project("{FAE04EC0-301F-11D3-BF4B-00C04F79EFBC}") = "JobWorkForm", "Quartz\JobWorkForm\JobWorkForm.csproj", "{0105F145-B40E-4EBA-829B-556FF6A94DBA}"
EndProject
Global
	GlobalSection(SolutionConfigurationPlatforms) = preSolution
		Debug|Any CPU = Debug|Any CPU
		Release|Any CPU = Release|Any CPU
	EndGlobalSection
	GlobalSection(ProjectConfigurationPlatforms) = postSolution
		{9C9E4786-AF43-4441-9858-BEACA4C4A018}.Debug|Any CPU.ActiveCfg = Debug|Any CPU
		{9C9E4786-AF43-4441-9858-BEACA4C4A018}.Debug|Any CPU.Build.0 = Debug|Any CPU
		{9C9E4786-AF43-4441-9858-BEACA4C4A018}.Release|Any CPU.ActiveCfg = Release|Any CPU
		{9C9E4786-AF43-4441-9858-BEACA4C4A018}.Release|Any CPU.Build.0 = Release|Any CPU
		{EF3A0424-46CB-4B8A-A604-00ED26E5A41F}.Debug|Any CPU.ActiveCfg = Debug|Any CPU
		{EF3A0424-46CB-4B8A-A604-00ED26E5A41F}.Debug|Any CPU.Build.0 = Debug|Any CPU
		{EF3A0424-46CB-4B8A-A604-00ED26E5A41F}.Release|Any CPU.ActiveCfg = Release|Any CPU
		{EF3A0424-46CB-4B8A-A604-00ED26E5A41F}.Release|Any CPU.Build.0 = Release|Any CPU
		{7AA7D110-FADE-4AA9-9ACA-96FEE002EF66}.Debug|Any CPU.ActiveCfg = Debug|Any CPU
		{7AA7D110-FADE-4AA9-9ACA-96FEE002EF66}.Debug|Any CPU.Build.0 = Debug|Any CPU
		{7AA7D110-FADE-4AA9-9ACA-96FEE002EF66}.Release|Any CPU.ActiveCfg = Release|Any CPU
		{7AA7D110-FADE-4AA9-9ACA-96FEE002EF66}.Release|Any CPU.Build.0 = Release|Any CPU
		{2863E168-65F5-46F4-8679-A348AC7CB95F}.Debug|Any CPU.ActiveCfg = Debug|Any CPU
		{2863E168-65F5-46F4-8679-A348AC7CB95F}.Debug|Any CPU.Build.0 = Debug|Any CPU
		{2863E168-65F5-46F4-8679-A348AC7CB95F}.Release|Any CPU.ActiveCfg = Release|Any CPU
		{2863E168-65F5-46F4-8679-A348AC7CB95F}.Release|Any CPU.Build.0 = Release|Any CPU
		{A9E347EF-F4FB-4DA7-A832-5AF5E771F9F9}.Debug|Any CPU.ActiveCfg = Debug|Any CPU
		{A9E347EF-F4FB-4DA7-A832-5AF5E771F9F9}.Debug|Any CPU.Build.0 = Debug|Any CPU
		{A9E347EF-F4FB-4DA7-A832-5AF5E771F9F9}.Release|Any CPU.ActiveCfg = Release|Any CPU
		{A9E347EF-F4FB-4DA7-A832-5AF5E771F9F9}.Release|Any CPU.Build.0 = Release|Any CPU
		{AB33D751-5AA5-4500-9BFA-A90F27AD05E0}.Debug|Any CPU.ActiveCfg = Debug|Any CPU
		{AB33D751-5AA5-4500-9BFA-A90F27AD05E0}.Debug|Any CPU.Build.0 = Debug|Any CPU
		{AB33D751-5AA5-4500-9BFA-A90F27AD05E0}.Release|Any CPU.ActiveCfg = Release|Any CPU
		{AB33D751-5AA5-4500-9BFA-A90F27AD05E0}.Release|Any CPU.Build.0 = Release|Any CPU
		{2EA1BCC9-9FFE-4B7C-9F51-2ACAC56100B4}.Debug|Any CPU.ActiveCfg = Debug|Any CPU
		{2EA1BCC9-9FFE-4B7C-9F51-2ACAC56100B4}.Debug|Any CPU.Build.0 = Debug|Any CPU
		{2EA1BCC9-9FFE-4B7C-9F51-2ACAC56100B4}.Release|Any CPU.ActiveCfg = Release|Any CPU
		{2EA1BCC9-9FFE-4B7C-9F51-2ACAC56100B4}.Release|Any CPU.Build.0 = Release|Any CPU
		{15176085-6C80-40A2-A419-E7E9A4CEE24B}.Debug|Any CPU.ActiveCfg = Debug|Any CPU
		{15176085-6C80-40A2-A419-E7E9A4CEE24B}.Debug|Any CPU.Build.0 = Debug|Any CPU
		{15176085-6C80-40A2-A419-E7E9A4CEE24B}.Release|Any CPU.ActiveCfg = Release|Any CPU
		{15176085-6C80-40A2-A419-E7E9A4CEE24B}.Release|Any CPU.Build.0 = Release|Any CPU
		{16EAF430-32D7-4534-A146-E15EC8C0483A}.Debug|Any CPU.ActiveCfg = Debug|Any CPU
		{16EAF430-32D7-4534-A146-E15EC8C0483A}.Debug|Any CPU.Build.0 = Debug|Any CPU
		{16EAF430-32D7-4534-A146-E15EC8C0483A}.Release|Any CPU.ActiveCfg = Release|Any CPU
		{16EAF430-32D7-4534-A146-E15EC8C0483A}.Release|Any CPU.Build.0 = Release|Any CPU
		{0105F145-B40E-4EBA-829B-556FF6A94DBA}.Debug|Any CPU.ActiveCfg = Debug|Any CPU
		{0105F145-B40E-4EBA-829B-556FF6A94DBA}.Debug|Any CPU.Build.0 = Debug|Any CPU
		{0105F145-B40E-4EBA-829B-556FF6A94DBA}.Release|Any CPU.ActiveCfg = Release|Any CPU
		{0105F145-B40E-4EBA-829B-556FF6A94DBA}.Release|Any CPU.Build.0 = Release|Any CPU
	EndGlobalSection
	GlobalSection(SolutionProperties) = preSolution
		HideSolutionNode = FALSE
	EndGlobalSection
	GlobalSection(NestedProjects) = preSolution
		{9C9E4786-AF43-4441-9858-BEACA4C4A018} = {00F9C228-A5C9-4620-A7E1-658584428585}
		{EF3A0424-46CB-4B8A-A604-00ED26E5A41F} = {79B21267-41BC-4590-9937-6A9153B90D21}
		{7AA7D110-FADE-4AA9-9ACA-96FEE002EF66} = {0D826907-EDA7-4733-BB22-886D28EDE76A}
		{2863E168-65F5-46F4-8679-A348AC7CB95F} = {169B1143-FBD9-4FF5-89A5-34BA18C6A077}
		{A9E347EF-F4FB-4DA7-A832-5AF5E771F9F9} = {456ABBC3-76C1-4FF0-885C-F788324C76BC}
		{AB33D751-5AA5-4500-9BFA-A90F27AD05E0} = {456ABBC3-76C1-4FF0-885C-F788324C76BC}
		{2EA1BCC9-9FFE-4B7C-9F51-2ACAC56100B4} = {CFBE6F90-7802-42DC-A5FD-B7BB54B6CA20}
		{15176085-6C80-40A2-A419-E7E9A4CEE24B} = {CFBE6F90-7802-42DC-A5FD-B7BB54B6CA20}
		{16EAF430-32D7-4534-A146-E15EC8C0483A} = {CFBE6F90-7802-42DC-A5FD-B7BB54B6CA20}
		{0105F145-B40E-4EBA-829B-556FF6A94DBA} = {CFBE6F90-7802-42DC-A5FD-B7BB54B6CA20}
	EndGlobalSection
	GlobalSection(ExtensibilityGlobals) = postSolution
		SolutionGuid = {8AFA2BED-9A5F-46A2-96D0-6FCBC4D17814}
	EndGlobalSection
EndGlobal
